// !$*UTF8*$!
{
	archiveVersion = 1;
	classes = {
	};
	objectVersion = 48;
	objects = {

/* Begin PBXBuildFile section */
		3D1DA4EB205C69C500975AA3 /* AppDelegate.swift in Sources */ = {isa = PBXBuildFile; fileRef = 3D1DA4EA205C69C500975AA3 /* AppDelegate.swift */; };
		3D1DA4ED205C69C500975AA3 /* ViewController.swift in Sources */ = {isa = PBXBuildFile; fileRef = 3D1DA4EC205C69C500975AA3 /* ViewController.swift */; };
		3D1DA4F0205C69C500975AA3 /* Main.storyboard in Resources */ = {isa = PBXBuildFile; fileRef = 3D1DA4EE205C69C500975AA3 /* Main.storyboard */; };
		3D1DA4F2205C69C500975AA3 /* Assets.xcassets in Resources */ = {isa = PBXBuildFile; fileRef = 3D1DA4F1205C69C500975AA3 /* Assets.xcassets */; };
		3D1DA4F5205C69C500975AA3 /* LaunchScreen.storyboard in Resources */ = {isa = PBXBuildFile; fileRef = 3D1DA4F3205C69C500975AA3 /* LaunchScreen.storyboard */; };
		3D726C6E2060101F00BCF886 /* Complication.swift in Sources */ = {isa = PBXBuildFile; fileRef = 3D726C6D2060101F00BCF886 /* Complication.swift */; };
		3D726C6F206019AB00BCF886 /* Assets.xcassets in Resources */ = {isa = PBXBuildFile; fileRef = 57F7F295205F0E340056617F /* Assets.xcassets */; };
		57F0CDB1205F1BD400BF5735 /* Assets.xcassets in Resources */ = {isa = PBXBuildFile; fileRef = 57F7F285205F0E340056617F /* Assets.xcassets */; };
		57F7F27D205F0A080056617F /* Settings.bundle in Resources */ = {isa = PBXBuildFile; fileRef = 57F7F27C205F0A080056617F /* Settings.bundle */; };
		57F7F284205F0E340056617F /* Interface.storyboard in Resources */ = {isa = PBXBuildFile; fileRef = 57F7F282205F0E340056617F /* Interface.storyboard */; };
		57F7F286205F0E340056617F /* Assets.xcassets in Resources */ = {isa = PBXBuildFile; fileRef = 57F7F285205F0E340056617F /* Assets.xcassets */; };
		57F7F28D205F0E340056617F /* AW Extension.appex in Embed App Extensions */ = {isa = PBXBuildFile; fileRef = 57F7F28C205F0E340056617F /* AW Extension.appex */; settings = {ATTRIBUTES = (RemoveHeadersOnCopy, ); }; };
		57F7F292205F0E340056617F /* InterfaceController.swift in Sources */ = {isa = PBXBuildFile; fileRef = 57F7F291205F0E340056617F /* InterfaceController.swift */; };
		57F7F294205F0E340056617F /* ExtensionDelegate.swift in Sources */ = {isa = PBXBuildFile; fileRef = 57F7F293205F0E340056617F /* ExtensionDelegate.swift */; };
		57F7F296205F0E340056617F /* Assets.xcassets in Resources */ = {isa = PBXBuildFile; fileRef = 57F7F295205F0E340056617F /* Assets.xcassets */; };
		57F7F29A205F0E340056617F /* AW.app in Embed Watch Content */ = {isa = PBXBuildFile; fileRef = 57F7F280205F0E340056617F /* AW.app */; };
		57F7F2A4205F0E670056617F /* Player.swift in Sources */ = {isa = PBXBuildFile; fileRef = 57F7F2A3205F0E670056617F /* Player.swift */; };
/* End PBXBuildFile section */

/* Begin PBXContainerItemProxy section */
		57F7F28E205F0E340056617F /* PBXContainerItemProxy */ = {
			isa = PBXContainerItemProxy;
			containerPortal = 3D1DA4DF205C69C500975AA3 /* Project object */;
			proxyType = 1;
			remoteGlobalIDString = 57F7F28B205F0E340056617F;
			remoteInfo = "AW Extension";
		};
		57F7F298205F0E340056617F /* PBXContainerItemProxy */ = {
			isa = PBXContainerItemProxy;
			containerPortal = 3D1DA4DF205C69C500975AA3 /* Project object */;
			proxyType = 1;
			remoteGlobalIDString = 57F7F27F205F0E340056617F;
			remoteInfo = AW;
		};
/* End PBXContainerItemProxy section */

/* Begin PBXCopyFilesBuildPhase section */
		57F7F29E205F0E340056617F /* Embed App Extensions */ = {
			isa = PBXCopyFilesBuildPhase;
			buildActionMask = 2147483647;
			dstPath = "";
			dstSubfolderSpec = 13;
			files = (
				57F7F28D205F0E340056617F /* AW Extension.appex in Embed App Extensions */,
			);
			name = "Embed App Extensions";
			runOnlyForDeploymentPostprocessing = 0;
		};
		57F7F2A2205F0E340056617F /* Embed Watch Content */ = {
			isa = PBXCopyFilesBuildPhase;
			buildActionMask = 2147483647;
			dstPath = "$(CONTENTS_FOLDER_PATH)/Watch";
			dstSubfolderSpec = 16;
			files = (
				57F7F29A205F0E340056617F /* AW.app in Embed Watch Content */,
			);
			name = "Embed Watch Content";
			runOnlyForDeploymentPostprocessing = 0;
		};
/* End PBXCopyFilesBuildPhase section */

/* Begin PBXFileReference section */
		3D1DA4E7205C69C500975AA3 /* XERXES.app */ = {isa = PBXFileReference; explicitFileType = wrapper.application; includeInIndex = 0; path = XERXES.app; sourceTree = BUILT_PRODUCTS_DIR; };
		3D1DA4EA205C69C500975AA3 /* AppDelegate.swift */ = {isa = PBXFileReference; lastKnownFileType = sourcecode.swift; path = AppDelegate.swift; sourceTree = "<group>"; };
		3D1DA4EC205C69C500975AA3 /* ViewController.swift */ = {isa = PBXFileReference; lastKnownFileType = sourcecode.swift; path = ViewController.swift; sourceTree = "<group>"; };
		3D1DA4EF205C69C500975AA3 /* Base */ = {isa = PBXFileReference; lastKnownFileType = file.storyboard; name = Base; path = Base.lproj/Main.storyboard; sourceTree = "<group>"; };
		3D1DA4F1205C69C500975AA3 /* Assets.xcassets */ = {isa = PBXFileReference; lastKnownFileType = folder.assetcatalog; path = Assets.xcassets; sourceTree = "<group>"; };
		3D1DA4F4205C69C500975AA3 /* Base */ = {isa = PBXFileReference; lastKnownFileType = file.storyboard; name = Base; path = Base.lproj/LaunchScreen.storyboard; sourceTree = "<group>"; };
		3D1DA4F6205C69C500975AA3 /* Info.plist */ = {isa = PBXFileReference; lastKnownFileType = text.plist.xml; path = Info.plist; sourceTree = "<group>"; };
		3D726C6D2060101F00BCF886 /* Complication.swift */ = {isa = PBXFileReference; lastKnownFileType = sourcecode.swift; path = Complication.swift; sourceTree = "<group>"; };
		57F7F27C205F0A080056617F /* Settings.bundle */ = {isa = PBXFileReference; lastKnownFileType = "wrapper.plug-in"; path = Settings.bundle; sourceTree = "<group>"; };
		57F7F280205F0E340056617F /* AW.app */ = {isa = PBXFileReference; explicitFileType = wrapper.application; includeInIndex = 0; path = AW.app; sourceTree = BUILT_PRODUCTS_DIR; };
		57F7F283205F0E340056617F /* Base */ = {isa = PBXFileReference; lastKnownFileType = file.storyboard; name = Base; path = Base.lproj/Interface.storyboard; sourceTree = "<group>"; };
		57F7F285205F0E340056617F /* Assets.xcassets */ = {isa = PBXFileReference; lastKnownFileType = folder.assetcatalog; path = Assets.xcassets; sourceTree = "<group>"; };
		57F7F287205F0E340056617F /* Info.plist */ = {isa = PBXFileReference; lastKnownFileType = text.plist.xml; path = Info.plist; sourceTree = "<group>"; };
		57F7F28C205F0E340056617F /* AW Extension.appex */ = {isa = PBXFileReference; explicitFileType = "wrapper.app-extension"; includeInIndex = 0; path = "AW Extension.appex"; sourceTree = BUILT_PRODUCTS_DIR; };
		57F7F291205F0E340056617F /* InterfaceController.swift */ = {isa = PBXFileReference; lastKnownFileType = sourcecode.swift; path = InterfaceController.swift; sourceTree = "<group>"; };
		57F7F293205F0E340056617F /* ExtensionDelegate.swift */ = {isa = PBXFileReference; lastKnownFileType = sourcecode.swift; path = ExtensionDelegate.swift; sourceTree = "<group>"; };
		57F7F295205F0E340056617F /* Assets.xcassets */ = {isa = PBXFileReference; lastKnownFileType = folder.assetcatalog; path = Assets.xcassets; sourceTree = "<group>"; };
		57F7F297205F0E340056617F /* Info.plist */ = {isa = PBXFileReference; lastKnownFileType = text.plist.xml; path = Info.plist; sourceTree = "<group>"; };
		57F7F2A3205F0E670056617F /* Player.swift */ = {isa = PBXFileReference; lastKnownFileType = sourcecode.swift; path = Player.swift; sourceTree = "<group>"; };
/* End PBXFileReference section */

/* Begin PBXFrameworksBuildPhase section */
		3D1DA4E4205C69C500975AA3 /* Frameworks */ = {
			isa = PBXFrameworksBuildPhase;
			buildActionMask = 2147483647;
			files = (
			);
			runOnlyForDeploymentPostprocessing = 0;
		};
		57F7F289205F0E340056617F /* Frameworks */ = {
			isa = PBXFrameworksBuildPhase;
			buildActionMask = 2147483647;
			files = (
			);
			runOnlyForDeploymentPostprocessing = 0;
		};
/* End PBXFrameworksBuildPhase section */

/* Begin PBXGroup section */
		3D1DA4DE205C69C500975AA3 = {
			isa = PBXGroup;
			children = (
				57F7F27C205F0A080056617F /* Settings.bundle */,
				3D1DA4E9205C69C500975AA3 /* XERXES */,
				57F7F281205F0E340056617F /* AW */,
				57F7F290205F0E340056617F /* AW Extension */,
				3D1DA4E8205C69C500975AA3 /* Products */,
			);
			sourceTree = "<group>";
		};
		3D1DA4E8205C69C500975AA3 /* Products */ = {
			isa = PBXGroup;
			children = (
				3D1DA4E7205C69C500975AA3 /* XERXES.app */,
				57F7F280205F0E340056617F /* AW.app */,
				57F7F28C205F0E340056617F /* AW Extension.appex */,
			);
			name = Products;
			sourceTree = "<group>";
		};
		3D1DA4E9205C69C500975AA3 /* XERXES */ = {
			isa = PBXGroup;
			children = (
				3D1DA4EA205C69C500975AA3 /* AppDelegate.swift */,
				3D1DA4EC205C69C500975AA3 /* ViewController.swift */,
				57F7F2A3205F0E670056617F /* Player.swift */,
				3D1DA4EE205C69C500975AA3 /* Main.storyboard */,
				3D1DA4F1205C69C500975AA3 /* Assets.xcassets */,
				3D1DA4F3205C69C500975AA3 /* LaunchScreen.storyboard */,
				3D1DA4F6205C69C500975AA3 /* Info.plist */,
			);
			path = XERXES;
			sourceTree = "<group>";
		};
		57F7F281205F0E340056617F /* AW */ = {
			isa = PBXGroup;
			children = (
				57F7F282205F0E340056617F /* Interface.storyboard */,
				57F7F285205F0E340056617F /* Assets.xcassets */,
				57F7F287205F0E340056617F /* Info.plist */,
			);
			path = AW;
			sourceTree = "<group>";
		};
		57F7F290205F0E340056617F /* AW Extension */ = {
			isa = PBXGroup;
			children = (
				57F7F291205F0E340056617F /* InterfaceController.swift */,
				57F7F293205F0E340056617F /* ExtensionDelegate.swift */,
				57F7F295205F0E340056617F /* Assets.xcassets */,
				57F7F297205F0E340056617F /* Info.plist */,
				3D726C6D2060101F00BCF886 /* Complication.swift */,
			);
			path = "AW Extension";
			sourceTree = "<group>";
		};
/* End PBXGroup section */

/* Begin PBXNativeTarget section */
		3D1DA4E6205C69C500975AA3 /* XERXES */ = {
			isa = PBXNativeTarget;
			buildConfigurationList = 3D1DA4F9205C69C500975AA3 /* Build configuration list for PBXNativeTarget "XERXES" */;
			buildPhases = (
				3D1DA4E3205C69C500975AA3 /* Sources */,
				3D1DA4E4205C69C500975AA3 /* Frameworks */,
				3D1DA4E5205C69C500975AA3 /* Resources */,
				57F7F2A2205F0E340056617F /* Embed Watch Content */,
			);
			buildRules = (
			);
			dependencies = (
				57F7F299205F0E340056617F /* PBXTargetDependency */,
			);
			name = XERXES;
			productName = XERXES;
			productReference = 3D1DA4E7205C69C500975AA3 /* XERXES.app */;
			productType = "com.apple.product-type.application";
		};
		57F7F27F205F0E340056617F /* AW */ = {
			isa = PBXNativeTarget;
			buildConfigurationList = 57F7F29F205F0E340056617F /* Build configuration list for PBXNativeTarget "AW" */;
			buildPhases = (
				57F7F27E205F0E340056617F /* Resources */,
				57F7F29E205F0E340056617F /* Embed App Extensions */,
			);
			buildRules = (
			);
			dependencies = (
				57F7F28F205F0E340056617F /* PBXTargetDependency */,
			);
			name = AW;
			productName = AW;
			productReference = 57F7F280205F0E340056617F /* AW.app */;
			productType = "com.apple.product-type.application.watchapp2";
		};
		57F7F28B205F0E340056617F /* AW Extension */ = {
			isa = PBXNativeTarget;
			buildConfigurationList = 57F7F29B205F0E340056617F /* Build configuration list for PBXNativeTarget "AW Extension" */;
			buildPhases = (
				57F7F288205F0E340056617F /* Sources */,
				57F7F289205F0E340056617F /* Frameworks */,
				57F7F28A205F0E340056617F /* Resources */,
			);
			buildRules = (
			);
			dependencies = (
			);
			name = "AW Extension";
			productName = "AW Extension";
			productReference = 57F7F28C205F0E340056617F /* AW Extension.appex */;
			productType = "com.apple.product-type.watchkit2-extension";
		};
/* End PBXNativeTarget section */

/* Begin PBXProject section */
		3D1DA4DF205C69C500975AA3 /* Project object */ = {
			isa = PBXProject;
			attributes = {
				LastSwiftUpdateCheck = 0920;
				LastUpgradeCheck = 0920;
				ORGANIZATIONNAME = "Joss Manger";
				TargetAttributes = {
					3D1DA4E6205C69C500975AA3 = {
						CreatedOnToolsVersion = 9.2;
						ProvisioningStyle = Automatic;
					};
					57F7F27F205F0E340056617F = {
						CreatedOnToolsVersion = 9.2;
						ProvisioningStyle = Automatic;
					};
					57F7F28B205F0E340056617F = {
						CreatedOnToolsVersion = 9.2;
						ProvisioningStyle = Automatic;
					};
				};
			};
			buildConfigurationList = 3D1DA4E2205C69C500975AA3 /* Build configuration list for PBXProject "XERXES" */;
			compatibilityVersion = "Xcode 8.0";
			developmentRegion = en;
			hasScannedForEncodings = 0;
			knownRegions = (
				en,
				Base,
			);
			mainGroup = 3D1DA4DE205C69C500975AA3;
			productRefGroup = 3D1DA4E8205C69C500975AA3 /* Products */;
			projectDirPath = "";
			projectRoot = "";
			targets = (
				3D1DA4E6205C69C500975AA3 /* XERXES */,
				57F7F27F205F0E340056617F /* AW */,
				57F7F28B205F0E340056617F /* AW Extension */,
			);
		};
/* End PBXProject section */

/* Begin PBXResourcesBuildPhase section */
		3D1DA4E5205C69C500975AA3 /* Resources */ = {
			isa = PBXResourcesBuildPhase;
			buildActionMask = 2147483647;
			files = (
				57F7F27D205F0A080056617F /* Settings.bundle in Resources */,
				3D1DA4F5205C69C500975AA3 /* LaunchScreen.storyboard in Resources */,
				3D1DA4F2205C69C500975AA3 /* Assets.xcassets in Resources */,
				3D1DA4F0205C69C500975AA3 /* Main.storyboard in Resources */,
			);
			runOnlyForDeploymentPostprocessing = 0;
		};
		57F7F27E205F0E340056617F /* Resources */ = {
			isa = PBXResourcesBuildPhase;
			buildActionMask = 2147483647;
			files = (
				57F7F286205F0E340056617F /* Assets.xcassets in Resources */,
				3D726C6F206019AB00BCF886 /* Assets.xcassets in Resources */,
				57F7F284205F0E340056617F /* Interface.storyboard in Resources */,
			);
			runOnlyForDeploymentPostprocessing = 0;
		};
		57F7F28A205F0E340056617F /* Resources */ = {
			isa = PBXResourcesBuildPhase;
			buildActionMask = 2147483647;
			files = (
				57F0CDB1205F1BD400BF5735 /* Assets.xcassets in Resources */,
				57F7F296205F0E340056617F /* Assets.xcassets in Resources */,
			);
			runOnlyForDeploymentPostprocessing = 0;
		};
/* End PBXResourcesBuildPhase section */

/* Begin PBXSourcesBuildPhase section */
		3D1DA4E3205C69C500975AA3 /* Sources */ = {
			isa = PBXSourcesBuildPhase;
			buildActionMask = 2147483647;
			files = (
				3D1DA4ED205C69C500975AA3 /* ViewController.swift in Sources */,
				57F7F2A4205F0E670056617F /* Player.swift in Sources */,
				3D1DA4EB205C69C500975AA3 /* AppDelegate.swift in Sources */,
			);
			runOnlyForDeploymentPostprocessing = 0;
		};
		57F7F288205F0E340056617F /* Sources */ = {
			isa = PBXSourcesBuildPhase;
			buildActionMask = 2147483647;
			files = (
				57F7F294205F0E340056617F /* ExtensionDelegate.swift in Sources */,
				3D726C6E2060101F00BCF886 /* Complication.swift in Sources */,
				57F7F292205F0E340056617F /* InterfaceController.swift in Sources */,
			);
			runOnlyForDeploymentPostprocessing = 0;
		};
/* End PBXSourcesBuildPhase section */

/* Begin PBXTargetDependency section */
		57F7F28F205F0E340056617F /* PBXTargetDependency */ = {
			isa = PBXTargetDependency;
			target = 57F7F28B205F0E340056617F /* AW Extension */;
			targetProxy = 57F7F28E205F0E340056617F /* PBXContainerItemProxy */;
		};
		57F7F299205F0E340056617F /* PBXTargetDependency */ = {
			isa = PBXTargetDependency;
			target = 57F7F27F205F0E340056617F /* AW */;
			targetProxy = 57F7F298205F0E340056617F /* PBXContainerItemProxy */;
		};
/* End PBXTargetDependency section */

/* Begin PBXVariantGroup section */
		3D1DA4EE205C69C500975AA3 /* Main.storyboard */ = {
			isa = PBXVariantGroup;
			children = (
				3D1DA4EF205C69C500975AA3 /* Base */,
			);
			name = Main.storyboard;
			sourceTree = "<group>";
		};
		3D1DA4F3205C69C500975AA3 /* LaunchScreen.storyboard */ = {
			isa = PBXVariantGroup;
			children = (
				3D1DA4F4205C69C500975AA3 /* Base */,
			);
			name = LaunchScreen.storyboard;
			sourceTree = "<group>";
		};
		57F7F282205F0E340056617F /* Interface.storyboard */ = {
			isa = PBXVariantGroup;
			children = (
				57F7F283205F0E340056617F /* Base */,
			);
			name = Interface.storyboard;
			sourceTree = "<group>";
		};
/* End PBXVariantGroup section */

/* Begin XCBuildConfiguration section */
		3D1DA4F7205C69C500975AA3 /* Debug */ = {
			isa = XCBuildConfiguration;
			buildSettings = {
				ALWAYS_SEARCH_USER_PATHS = NO;
				CLANG_ANALYZER_NONNULL = YES;
				CLANG_ANALYZER_NUMBER_OBJECT_CONVERSION = YES_AGGRESSIVE;
				CLANG_CXX_LANGUAGE_STANDARD = "gnu++14";
				CLANG_CXX_LIBRARY = "libc++";
				CLANG_ENABLE_MODULES = YES;
				CLANG_ENABLE_OBJC_ARC = YES;
				CLANG_WARN_BLOCK_CAPTURE_AUTORELEASING = YES;
				CLANG_WARN_BOOL_CONVERSION = YES;
				CLANG_WARN_COMMA = YES;
				CLANG_WARN_CONSTANT_CONVERSION = YES;
				CLANG_WARN_DIRECT_OBJC_ISA_USAGE = YES_ERROR;
				CLANG_WARN_DOCUMENTATION_COMMENTS = YES;
				CLANG_WARN_EMPTY_BODY = YES;
				CLANG_WARN_ENUM_CONVERSION = YES;
				CLANG_WARN_INFINITE_RECURSION = YES;
				CLANG_WARN_INT_CONVERSION = YES;
				CLANG_WARN_NON_LITERAL_NULL_CONVERSION = YES;
				CLANG_WARN_OBJC_LITERAL_CONVERSION = YES;
				CLANG_WARN_OBJC_ROOT_CLASS = YES_ERROR;
				CLANG_WARN_RANGE_LOOP_ANALYSIS = YES;
				CLANG_WARN_STRICT_PROTOTYPES = YES;
				CLANG_WARN_SUSPICIOUS_MOVE = YES;
				CLANG_WARN_UNGUARDED_AVAILABILITY = YES_AGGRESSIVE;
				CLANG_WARN_UNREACHABLE_CODE = YES;
				CLANG_WARN__DUPLICATE_METHOD_MATCH = YES;
				CODE_SIGN_IDENTITY = "iPhone Developer";
				COPY_PHASE_STRIP = NO;
				DEBUG_INFORMATION_FORMAT = dwarf;
				ENABLE_STRICT_OBJC_MSGSEND = YES;
				ENABLE_TESTABILITY = YES;
				GCC_C_LANGUAGE_STANDARD = gnu11;
				GCC_DYNAMIC_NO_PIC = NO;
				GCC_NO_COMMON_BLOCKS = YES;
				GCC_OPTIMIZATION_LEVEL = 0;
				GCC_PREPROCESSOR_DEFINITIONS = (
					"DEBUG=1",
					"$(inherited)",
				);
				GCC_WARN_64_TO_32_BIT_CONVERSION = YES;
				GCC_WARN_ABOUT_RETURN_TYPE = YES_ERROR;
				GCC_WARN_UNDECLARED_SELECTOR = YES;
				GCC_WARN_UNINITIALIZED_AUTOS = YES_AGGRESSIVE;
				GCC_WARN_UNUSED_FUNCTION = YES;
				GCC_WARN_UNUSED_VARIABLE = YES;
				IPHONEOS_DEPLOYMENT_TARGET = 11.2;
				MTL_ENABLE_DEBUG_INFO = YES;
				ONLY_ACTIVE_ARCH = YES;
				SDKROOT = iphoneos;
				SWIFT_ACTIVE_COMPILATION_CONDITIONS = DEBUG;
				SWIFT_OPTIMIZATION_LEVEL = "-Onone";
			};
			name = Debug;
		};
		3D1DA4F8205C69C500975AA3 /* Release */ = {
			isa = XCBuildConfiguration;
			buildSettings = {
				ALWAYS_SEARCH_USER_PATHS = NO;
				CLANG_ANALYZER_NONNULL = YES;
				CLANG_ANALYZER_NUMBER_OBJECT_CONVERSION = YES_AGGRESSIVE;
				CLANG_CXX_LANGUAGE_STANDARD = "gnu++14";
				CLANG_CXX_LIBRARY = "libc++";
				CLANG_ENABLE_MODULES = YES;
				CLANG_ENABLE_OBJC_ARC = YES;
				CLANG_WARN_BLOCK_CAPTURE_AUTORELEASING = YES;
				CLANG_WARN_BOOL_CONVERSION = YES;
				CLANG_WARN_COMMA = YES;
				CLANG_WARN_CONSTANT_CONVERSION = YES;
				CLANG_WARN_DIRECT_OBJC_ISA_USAGE = YES_ERROR;
				CLANG_WARN_DOCUMENTATION_COMMENTS = YES;
				CLANG_WARN_EMPTY_BODY = YES;
				CLANG_WARN_ENUM_CONVERSION = YES;
				CLANG_WARN_INFINITE_RECURSION = YES;
				CLANG_WARN_INT_CONVERSION = YES;
				CLANG_WARN_NON_LITERAL_NULL_CONVERSION = YES;
				CLANG_WARN_OBJC_LITERAL_CONVERSION = YES;
				CLANG_WARN_OBJC_ROOT_CLASS = YES_ERROR;
				CLANG_WARN_RANGE_LOOP_ANALYSIS = YES;
				CLANG_WARN_STRICT_PROTOTYPES = YES;
				CLANG_WARN_SUSPICIOUS_MOVE = YES;
				CLANG_WARN_UNGUARDED_AVAILABILITY = YES_AGGRESSIVE;
				CLANG_WARN_UNREACHABLE_CODE = YES;
				CLANG_WARN__DUPLICATE_METHOD_MATCH = YES;
				CODE_SIGN_IDENTITY = "iPhone Developer";
				COPY_PHASE_STRIP = NO;
				DEBUG_INFORMATION_FORMAT = "dwarf-with-dsym";
				ENABLE_NS_ASSERTIONS = NO;
				ENABLE_STRICT_OBJC_MSGSEND = YES;
				GCC_C_LANGUAGE_STANDARD = gnu11;
				GCC_NO_COMMON_BLOCKS = YES;
				GCC_WARN_64_TO_32_BIT_CONVERSION = YES;
				GCC_WARN_ABOUT_RETURN_TYPE = YES_ERROR;
				GCC_WARN_UNDECLARED_SELECTOR = YES;
				GCC_WARN_UNINITIALIZED_AUTOS = YES_AGGRESSIVE;
				GCC_WARN_UNUSED_FUNCTION = YES;
				GCC_WARN_UNUSED_VARIABLE = YES;
				IPHONEOS_DEPLOYMENT_TARGET = 11.2;
				MTL_ENABLE_DEBUG_INFO = NO;
				SDKROOT = iphoneos;
				SWIFT_OPTIMIZATION_LEVEL = "-Owholemodule";
				VALIDATE_PRODUCT = YES;
			};
			name = Release;
		};
		3D1DA4FA205C69C500975AA3 /* Debug */ = {
			isa = XCBuildConfiguration;
			buildSettings = {
				ASSETCATALOG_COMPILER_APPICON_NAME = AppIcon;
				CODE_SIGN_STYLE = Automatic;
				DEVELOPMENT_TEAM = 3C42F7N9CQ;
				INFOPLIST_FILE = XERXES/Info.plist;
				LD_RUNPATH_SEARCH_PATHS = "$(inherited) @executable_path/Frameworks";
				PRODUCT_BUNDLE_IDENTIFIER = com.jossy.XERXES;
				PRODUCT_NAME = "$(TARGET_NAME)";
				SWIFT_VERSION = 4.0;
				TARGETED_DEVICE_FAMILY = 1;
			};
			name = Debug;
		};
		3D1DA4FB205C69C500975AA3 /* Release */ = {
			isa = XCBuildConfiguration;
			buildSettings = {
				ASSETCATALOG_COMPILER_APPICON_NAME = AppIcon;
				CODE_SIGN_STYLE = Automatic;
				DEVELOPMENT_TEAM = 3C42F7N9CQ;
				INFOPLIST_FILE = XERXES/Info.plist;
				LD_RUNPATH_SEARCH_PATHS = "$(inherited) @executable_path/Frameworks";
				PRODUCT_BUNDLE_IDENTIFIER = com.jossy.XERXES;
				PRODUCT_NAME = "$(TARGET_NAME)";
				SWIFT_VERSION = 4.0;
				TARGETED_DEVICE_FAMILY = 1;
			};
			name = Release;
		};
		57F7F29C205F0E340056617F /* Debug */ = {
			isa = XCBuildConfiguration;
			buildSettings = {
				ASSETCATALOG_COMPILER_COMPLICATION_NAME = Complication;
				CODE_SIGN_STYLE = Automatic;
				DEVELOPMENT_TEAM = 3C42F7N9CQ;
				INFOPLIST_FILE = "AW Extension/Info.plist";
				LD_RUNPATH_SEARCH_PATHS = "$(inherited) @executable_path/Frameworks @executable_path/../../Frameworks";
				PRODUCT_BUNDLE_IDENTIFIER = com.jossy.XERXES.watchkitapp.watchkitextension;
				PRODUCT_NAME = "${TARGET_NAME}";
				SDKROOT = watchos;
				SKIP_INSTALL = YES;
				SWIFT_VERSION = 4.0;
				TARGETED_DEVICE_FAMILY = 4;
				WATCHOS_DEPLOYMENT_TARGET = 4.2;
			};
			name = Debug;
		};
		57F7F29D205F0E340056617F /* Release */ = {
			isa = XCBuildConfiguration;
			buildSettings = {
				ASSETCATALOG_COMPILER_COMPLICATION_NAME = Complication;
				CODE_SIGN_STYLE = Automatic;
				DEVELOPMENT_TEAM = 3C42F7N9CQ;
				INFOPLIST_FILE = "AW Extension/Info.plist";
				LD_RUNPATH_SEARCH_PATHS = "$(inherited) @executable_path/Frameworks @executable_path/../../Frameworks";
				PRODUCT_BUNDLE_IDENTIFIER = com.jossy.XERXES.watchkitapp.watchkitextension;
				PRODUCT_NAME = "${TARGET_NAME}";
				SDKROOT = watchos;
				SKIP_INSTALL = YES;
				SWIFT_VERSION = 4.0;
				TARGETED_DEVICE_FAMILY = 4;
				WATCHOS_DEPLOYMENT_TARGET = 4.2;
			};
			name = Release;
		};
		57F7F2A0205F0E340056617F /* Debug */ = {
			isa = XCBuildConfiguration;
			buildSettings = {
				ALWAYS_EMBED_SWIFT_STANDARD_LIBRARIES = YES;
				ASSETCATALOG_COMPILER_APPICON_NAME = AppIcon;
				CODE_SIGN_STYLE = Automatic;
				DEVELOPMENT_TEAM = 3C42F7N9CQ;
				IBSC_MODULE = AW_Extension;
				INFOPLIST_FILE = AW/Info.plist;
				PRODUCT_BUNDLE_IDENTIFIER = com.jossy.XERXES.watchkitapp;
				PRODUCT_NAME = "$(TARGET_NAME)";
				SDKROOT = watchos;
				SKIP_INSTALL = YES;
				SWIFT_VERSION = 4.0;
				TARGETED_DEVICE_FAMILY = 4;
				WATCHOS_DEPLOYMENT_TARGET = 4.2;
			};
			name = Debug;
		};
		57F7F2A1205F0E340056617F /* Release */ = {
			isa = XCBuildConfiguration;
			buildSettings = {
				ALWAYS_EMBED_SWIFT_STANDARD_LIBRARIES = YES;
				ASSETCATALOG_COMPILER_APPICON_NAME = AppIcon;
				CODE_SIGN_STYLE = Automatic;
				DEVELOPMENT_TEAM = 3C42F7N9CQ;
				IBSC_MODULE = AW_Extension;
				INFOPLIST_FILE = AW/Info.plist;
				PRODUCT_BUNDLE_IDENTIFIER = com.jossy.XERXES.watchkitapp;
				PRODUCT_NAME = "$(TARGET_NAME)";
				SDKROOT = watchos;
				SKIP_INSTALL = YES;
				SWIFT_VERSION = 4.0;
				TARGETED_DEVICE_FAMILY = 4;
				WATCHOS_DEPLOYMENT_TARGET = 4.2;
			};
			name = Release;
		};
/* End XCBuildConfiguration section */

/* Begin XCConfigurationList section */
		3D1DA4E2205C69C500975AA3 /* Build configuration list for PBXProject "XERXES" */ = {
			isa = XCConfigurationList;
			buildConfigurations = (
				3D1DA4F7205C69C500975AA3 /* Debug */,
				3D1DA4F8205C69C500975AA3 /* Release */,
			);
			defaultConfigurationIsVisible = 0;
			defaultConfigurationName = Release;
		};
		3D1DA4F9205C69C500975AA3 /* Build configuration list for PBXNativeTarget "XERXES" */ = {
			isa = XCConfigurationList;
			buildConfigurations = (
				3D1DA4FA205C69C500975AA3 /* Debug */,
				3D1DA4FB205C69C500975AA3 /* Release */,
			);
			defaultConfigurationIsVisible = 0;
			defaultConfigurationName = Release;
		};
		57F7F29B205F0E340056617F /* Build configuration list for PBXNativeTarget "AW Extension" */ = {
			isa = XCConfigurationList;
			buildConfigurations = (
				57F7F29C205F0E340056617F /* Debug */,
				57F7F29D205F0E340056617F /* Release */,
			);
			defaultConfigurationIsVisible = 0;
			defaultConfigurationName = Release;
		};
		57F7F29F205F0E340056617F /* Build configuration list for PBXNativeTarget "AW" */ = {
			isa = XCConfigurationList;
			buildConfigurations = (
				57F7F2A0205F0E340056617F /* Debug */,
				57F7F2A1205F0E340056617F /* Release */,
			);
			defaultConfigurationIsVisible = 0;
			defaultConfigurationName = Release;
		};
/* End XCConfigurationList section */
	};
	rootObject = 3D1DA4DF205C69C500975AA3 /* Project object */;
}
